PODS:
  - AWSCore (2.4.8)
  - AWSIoT (2.4.8):
    - AWSCore (= 2.4.8)

DEPENDENCIES:
  - AWSIoT (~> 2.4.8)

SPEC CHECKSUMS:
  AWSCore: 7bc7e845f532dedc65b133cdf518bb44a2e28dfe
  AWSIoT: 4faa50a04c3c079fc84bc79dc052eca886c4d2b2

PODFILE CHECKSUM: 214ee54286d3dddcdf1dfaf5d512ab48408bad7e

COCOAPODS: 1.0.1
